
Microsoft Visual Studio Solution File, Format Version 12.00
# Visual Studio Version 17
VisualStudioVersion = 17.9.34728.123
MinimumVisualStudioVersion = 10.0.40219.1
Project("{FAE04EC0-301F-11D3-BF4B-00C04F79EFBC}") = "PR19", "PR19.csproj", "{B01D9D54-515D-4E2D-9C40-B2602AD22214}"
EndProject
Global
	GlobalSection(SolutionConfigurationPlatforms) = preSolution
		Debug|Any CPU = Debug|Any CPU
		Release|Any CPU = Release|Any CPU
	EndGlobalSection
	GlobalSection(ProjectConfigurationPlatforms) = postSolution
		{B01D9D54-515D-4E2D-9C40-B2602AD22214}.Debug|Any CPU.ActiveCfg = Debug|Any CPU
		{B01D9D54-515D-4E2D-9C40-B2602AD22214}.Debug|Any CPU.Build.0 = Debug|Any CPU
		{B01D9D54-515D-4E2D-9C40-B2602AD22214}.Release|Any CPU.ActiveCfg = Release|Any CPU
		{B01D9D54-515D-4E2D-9C40-B2602AD22214}.Release|Any CPU.Build.0 = Release|Any CPU
	EndGlobalSection
	GlobalSection(SolutionProperties) = preSolution
		HideSolutionNode = FALSE
	EndGlobalSection
	GlobalSection(ExtensibilityGlobals) = postSolution
		SolutionGuid = {C8577CCB-40EF-4F81-8A11-247549838D4C}
	EndGlobalSection
EndGlobal
